{
  "name": "yakusoku",
  "version": "1.0.0",
  "lockfileVersion": 2,
  "requires": true,
  "packages": {
    "": {
      "name": "yakusoku",
      "version": "1.0.0",
      "license": "GLP-3.0",
      "dependencies": {
        "is-image": "^3.0.0"
      }
    },
    "node_modules/image-extensions": {
      "version": "1.1.0",
      "resolved": "https://registry.npmjs.org/image-extensions/-/image-extensions-1.1.0.tgz",
      "integrity": "sha1-uOa/YDnfAFbjM1AqALZjejEF2JQ=",
      "engines": {
        "node": ">=0.10.0"
      }
    },
    "node_modules/is-image": {
      "version": "3.0.0",
      "resolved": "https://registry.npmjs.org/is-image/-/is-image-3.0.0.tgz",
      "integrity": "sha512-NNPLvwKZ/hqx1Wv+ayKvVeDOylIapVKSxK/guzmB9doAk0FEdK0KqFKbnwNbuMLEPqEY4NaBhxzB4e98fVOq2Q==",
      "dependencies": {
        "image-extensions": "^1.1.0"
      },
      "engines": {
        "node": ">=8"
      }
    }
  },
  "dependencies": {
    "image-extensions": {
      "version": "1.1.0",
      "resolved": "https://registry.npmjs.org/image-extensions/-/image-extensions-1.1.0.tgz",
      "integrity": "sha1-uOa/YDnfAFbjM1AqALZjejEF2JQ="
    },
    "is-image": {
      "version": "3.0.0",
      "resolved": "https://registry.npmjs.org/is-image/-/is-image-3.0.0.tgz",
      "integrity": "sha512-NNPLvwKZ/hqx1Wv+ayKvVeDOylIapVKSxK/guzmB9doAk0FEdK0KqFKbnwNbuMLEPqEY4NaBhxzB4e98fVOq2Q==",
      "requires": {
        "image-extensions": "^1.1.0"
      }
    }
  }
}
